
Microsoft Visual Studio Solution File, Format Version 12.00
# Visual Studio Version 17
Project("{8BC9CEB8-8B4A-11D0-8D11-00A0C91BC942}") = "ALL_BUILD", "ALL_BUILD.vcxproj", "{84160705-5BB9-3B50-9EA2-EBAF641C3F4D}"
	ProjectSection(ProjectDependencies) = postProject
		{6DFFFAF0-9C54-31BE-B5B3-D994E155B92E} = {6DFFFAF0-9C54-31BE-B5B3-D994E155B92E}
		{A0F0D098-7B0F-3286-8D01-F83A70380A41} = {A0F0D098-7B0F-3286-8D01-F83A70380A41}
	EndProjectSection
EndProject
Project("{8BC9CEB8-8B4A-11D0-8D11-00A0C91BC942}") = "ZERO_CHECK", "ZERO_CHECK.vcxproj", "{6DFFFAF0-9C54-31BE-B5B3-D994E155B92E}"
	ProjectSection(ProjectDependencies) = postProject
	EndProjectSection
EndProject
Project("{8BC9CEB8-8B4A-11D0-8D11-00A0C91BC942}") = "otclient", "otclient.vcxproj", "{A0F0D098-7B0F-3286-8D01-F83A70380A41}"
	ProjectSection(ProjectDependencies) = postProject
		{6DFFFAF0-9C54-31BE-B5B3-D994E155B92E} = {6DFFFAF0-9C54-31BE-B5B3-D994E155B92E}
	EndProjectSection
EndProject
Global
	GlobalSection(SolutionConfigurationPlatforms) = preSolution
		Debug|x64 = Debug|x64
		Release|x64 = Release|x64
		MinSizeRel|x64 = MinSizeRel|x64
		RelWithDebInfo|x64 = RelWithDebInfo|x64
	EndGlobalSection
	GlobalSection(ProjectConfigurationPlatforms) = postSolution
		{84160705-5BB9-3B50-9EA2-EBAF641C3F4D}.Debug|x64.ActiveCfg = Debug|x64
		{84160705-5BB9-3B50-9EA2-EBAF641C3F4D}.Release|x64.ActiveCfg = Release|x64
		{84160705-5BB9-3B50-9EA2-EBAF641C3F4D}.MinSizeRel|x64.ActiveCfg = MinSizeRel|x64
		{84160705-5BB9-3B50-9EA2-EBAF641C3F4D}.RelWithDebInfo|x64.ActiveCfg = RelWithDebInfo|x64
		{6DFFFAF0-9C54-31BE-B5B3-D994E155B92E}.Debug|x64.ActiveCfg = Debug|x64
		{6DFFFAF0-9C54-31BE-B5B3-D994E155B92E}.Debug|x64.Build.0 = Debug|x64
		{6DFFFAF0-9C54-31BE-B5B3-D994E155B92E}.Release|x64.ActiveCfg = Release|x64
		{6DFFFAF0-9C54-31BE-B5B3-D994E155B92E}.Release|x64.Build.0 = Release|x64
		{6DFFFAF0-9C54-31BE-B5B3-D994E155B92E}.MinSizeRel|x64.ActiveCfg = MinSizeRel|x64
		{6DFFFAF0-9C54-31BE-B5B3-D994E155B92E}.MinSizeRel|x64.Build.0 = MinSizeRel|x64
		{6DFFFAF0-9C54-31BE-B5B3-D994E155B92E}.RelWithDebInfo|x64.ActiveCfg = RelWithDebInfo|x64
		{6DFFFAF0-9C54-31BE-B5B3-D994E155B92E}.RelWithDebInfo|x64.Build.0 = RelWithDebInfo|x64
		{A0F0D098-7B0F-3286-8D01-F83A70380A41}.Debug|x64.ActiveCfg = Debug|x64
		{A0F0D098-7B0F-3286-8D01-F83A70380A41}.Debug|x64.Build.0 = Debug|x64
		{A0F0D098-7B0F-3286-8D01-F83A70380A41}.Release|x64.ActiveCfg = Release|x64
		{A0F0D098-7B0F-3286-8D01-F83A70380A41}.Release|x64.Build.0 = Release|x64
		{A0F0D098-7B0F-3286-8D01-F83A70380A41}.MinSizeRel|x64.ActiveCfg = MinSizeRel|x64
		{A0F0D098-7B0F-3286-8D01-F83A70380A41}.MinSizeRel|x64.Build.0 = MinSizeRel|x64
		{A0F0D098-7B0F-3286-8D01-F83A70380A41}.RelWithDebInfo|x64.ActiveCfg = RelWithDebInfo|x64
		{A0F0D098-7B0F-3286-8D01-F83A70380A41}.RelWithDebInfo|x64.Build.0 = RelWithDebInfo|x64
	EndGlobalSection
	GlobalSection(ExtensibilityGlobals) = postSolution
		SolutionGuid = {B1A7D9FE-1F84-33D7-8BDB-DB93DA737267}
	EndGlobalSection
	GlobalSection(ExtensibilityAddIns) = postSolution
	EndGlobalSection
EndGlobal
