<?xml version="1.0" encoding="utf-8"?>
<Project ToolsVersion="17.0" xmlns="http://schemas.microsoft.com/developer/msbuild/2003">
  <ItemGroup>
    <CustomBuild Include="G:\otclientv8\build-vs-dyn3\CMakeFiles\df7b972b8511a582b91a5377bc2edf7c\generate.stamp.rule">
      <Filter>CMake Rules</Filter>
    </CustomBuild>
  </ItemGroup>
  <ItemGroup>
    <Filter Include="CMake Rules">
      <UniqueIdentifier>{6515FB77-4142-3495-97EC-EF9452EA6F7E}</UniqueIdentifier>
    </Filter>
  </ItemGroup>
</Project>
